// !$*UTF8*$!
{
	archiveVersion = 1;
	classes = {
	};
	objectVersion = 48;
	objects = {

/* Begin PBXBuildFile section */
		1655F73E1FEC537000983355 /* AppDelegate.swift in Sources */ = {isa = PBXBuildFile; fileRef = 1655F73D1FEC537000983355 /* AppDelegate.swift */; };
		1655F7401FEC537000983355 /* ViewController.swift in Sources */ = {isa = PBXBuildFile; fileRef = 1655F73F1FEC537000983355 /* ViewController.swift */; };
		1655F7431FEC537000983355 /* Main.storyboard in Resources */ = {isa = PBXBuildFile; fileRef = 1655F7411FEC537000983355 /* Main.storyboard */; };
		1655F7451FEC537000983355 /* Assets.xcassets in Resources */ = {isa = PBXBuildFile; fileRef = 1655F7441FEC537000983355 /* Assets.xcassets */; };
		1655F7481FEC537000983355 /* LaunchScreen.storyboard in Resources */ = {isa = PBXBuildFile; fileRef = 1655F7461FEC537000983355 /* LaunchScreen.storyboard */; };
		A941E471293CF72BF344B499 /* Pods_Photo_Search_Example.framework in Frameworks */ = {isa = PBXBuildFile; fileRef = CDACB70F5BF382F103A5AD79 /* Pods_Photo_Search_Example.framework */; };
/* End PBXBuildFile section */

/* Begin PBXFileReference section */
		1655F73A1FEC537000983355 /* Photo Search Example.app */ = {isa = PBXFileReference; explicitFileType = wrapper.application; includeInIndex = 0; path = "Photo Search Example.app"; sourceTree = BUILT_PRODUCTS_DIR; };
		1655F73D1FEC537000983355 /* AppDelegate.swift */ = {isa = PBXFileReference; lastKnownFileType = sourcecode.swift; path = AppDelegate.swift; sourceTree = "<group>"; };
		1655F73F1FEC537000983355 /* ViewController.swift */ = {isa = PBXFileReference; lastKnownFileType = sourcecode.swift; path = ViewController.swift; sourceTree = "<group>"; };
		1655F7421FEC537000983355 /* Base */ = {isa = PBXFileReference; lastKnownFileType = file.storyboard; name = Base; path = Base.lproj/Main.storyboard; sourceTree = "<group>"; };
		1655F7441FEC537000983355 /* Assets.xcassets */ = {isa = PBXFileReference; lastKnownFileType = folder.assetcatalog; path = Assets.xcassets; sourceTree = "<group>"; };
		1655F7471FEC537000983355 /* Base */ = {isa = PBXFileReference; lastKnownFileType = file.storyboard; name = Base; path = Base.lproj/LaunchScreen.storyboard; sourceTree = "<group>"; };
		1655F7491FEC537000983355 /* Info.plist */ = {isa = PBXFileReference; lastKnownFileType = text.plist.xml; path = Info.plist; sourceTree = "<group>"; };
		16F966E91FEC5BE300495DF4 /* bridge.h */ = {isa = PBXFileReference; lastKnownFileType = sourcecode.c.h; path = bridge.h; sourceTree = "<group>"; };
		2679D907E5A861C089B90C9B /* Pods-Photo Search Example.debug.xcconfig */ = {isa = PBXFileReference; includeInIndex = 1; lastKnownFileType = text.xcconfig; name = "Pods-Photo Search Example.debug.xcconfig"; path = "Pods/Target Support Files/Pods-Photo Search Example/Pods-Photo Search Example.debug.xcconfig"; sourceTree = "<group>"; };
		CDACB70F5BF382F103A5AD79 /* Pods_Photo_Search_Example.framework */ = {isa = PBXFileReference; explicitFileType = wrapper.framework; includeInIndex = 0; path = Pods_Photo_Search_Example.framework; sourceTree = BUILT_PRODUCTS_DIR; };
		D30E42D9561FCFB288D290BD /* Pods-Photo Search Example.release.xcconfig */ = {isa = PBXFileReference; includeInIndex = 1; lastKnownFileType = text.xcconfig; name = "Pods-Photo Search Example.release.xcconfig"; path = "Pods/Target Support Files/Pods-Photo Search Example/Pods-Photo Search Example.release.xcconfig"; sourceTree = "<group>"; };
/* End PBXFileReference section */

/* Begin PBXFrameworksBuildPhase section */
		1655F7371FEC537000983355 /* Frameworks */ = {
			isa = PBXFrameworksBuildPhase;
			buildActionMask = 2147483647;
			files = (
				A941E471293CF72BF344B499 /* Pods_Photo_Search_Example.framework in Frameworks */,
			);
			runOnlyForDeploymentPostprocessing = 0;
		};
/* End PBXFrameworksBuildPhase section */

/* Begin PBXGroup section */
		1655F7311FEC537000983355 = {
			isa = PBXGroup;
			children = (
				16F966E91FEC5BE300495DF4 /* bridge.h */,
				1655F73C1FEC537000983355 /* Photo Search Example */,
				1655F73B1FEC537000983355 /* Products */,
				A2DEBE3908D0826E67BFC4F8 /* Pods */,
				5D6D0E4640E326290D097939 /* Frameworks */,
			);
			sourceTree = "<group>";
		};
		1655F73B1FEC537000983355 /* Products */ = {
			isa = PBXGroup;
			children = (
				1655F73A1FEC537000983355 /* Photo Search Example.app */,
			);
			name = Products;
			sourceTree = "<group>";
		};
		1655F73C1FEC537000983355 /* Photo Search Example */ = {
			isa = PBXGroup;
			children = (
				1655F73D1FEC537000983355 /* AppDelegate.swift */,
				1655F73F1FEC537000983355 /* ViewController.swift */,
				1655F7411FEC537000983355 /* Main.storyboard */,
				1655F7441FEC537000983355 /* Assets.xcassets */,
				1655F7461FEC537000983355 /* LaunchScreen.storyboard */,
				1655F7491FEC537000983355 /* Info.plist */,
			);
			path = "Photo Search Example";
			sourceTree = "<group>";
		};
		5D6D0E4640E326290D097939 /* Frameworks */ = {
			isa = PBXGroup;
			children = (
				CDACB70F5BF382F103A5AD79 /* Pods_Photo_Search_Example.framework */,
			);
			name = Frameworks;
			sourceTree = "<group>";
		};
		A2DEBE3908D0826E67BFC4F8 /* Pods */ = {
			isa = PBXGroup;
			children = (
				2679D907E5A861C089B90C9B /* Pods-Photo Search Example.debug.xcconfig */,
				D30E42D9561FCFB288D290BD /* Pods-Photo Search Example.release.xcconfig */,
			);
			name = Pods;
			sourceTree = "<group>";
		};
/* End PBXGroup section */

/* Begin PBXNativeTarget section */
		1655F7391FEC537000983355 /* Photo Search Example */ = {
			isa = PBXNativeTarget;
			buildConfigurationList = 1655F74C1FEC537000983355 /* Build configuration list for PBXNativeTarget "Photo Search Example" */;
			buildPhases = (
				0F3C10695A3928162132CF62 /* [CP] Check Pods Manifest.lock */,
				1655F7361FEC537000983355 /* Sources */,
				1655F7371FEC537000983355 /* Frameworks */,
				1655F7381FEC537000983355 /* Resources */,
				AF681EEA5D92F0E9D43CFA23 /* [CP] Embed Pods Frameworks */,
				66EC8B5A8CCADBBC3BBC02D4 /* [CP] Copy Pods Resources */,
			);
			buildRules = (
			);
			dependencies = (
			);
			name = "Photo Search Example";
			productName = "Photo Search Example";
			productReference = 1655F73A1FEC537000983355 /* Photo Search Example.app */;
			productType = "com.apple.product-type.application";
		};
/* End PBXNativeTarget section */

/* Begin PBXProject section */
		1655F7321FEC537000983355 /* Project object */ = {
			isa = PBXProject;
			attributes = {
				LastSwiftUpdateCheck = 0920;
				LastUpgradeCheck = 0920;
				ORGANIZATIONNAME = "Seth Levine";
				TargetAttributes = {
					1655F7391FEC537000983355 = {
						CreatedOnToolsVersion = 9.2;
						ProvisioningStyle = Automatic;
					};
				};
			};
			buildConfigurationList = 1655F7351FEC537000983355 /* Build configuration list for PBXProject "Photo Search Example" */;
			compatibilityVersion = "Xcode 8.0";
			developmentRegion = en;
			hasScannedForEncodings = 0;
			knownRegions = (
				en,
				Base,
			);
			mainGroup = 1655F7311FEC537000983355;
			productRefGroup = 1655F73B1FEC537000983355 /* Products */;
			projectDirPath = "";
			projectRoot = "";
			targets = (
				1655F7391FEC537000983355 /* Photo Search Example */,
			);
		};
/* End PBXProject section */

/* Begin PBXResourcesBuildPhase section */
		1655F7381FEC537000983355 /* Resources */ = {
			isa = PBXResourcesBuildPhase;
			buildActionMask = 2147483647;
			files = (
				1655F7481FEC537000983355 /* LaunchScreen.storyboard in Resources */,
				1655F7451FEC537000983355 /* Assets.xcassets in Resources */,
				1655F7431FEC537000983355 /* Main.storyboard in Resources */,
			);
			runOnlyForDeploymentPostprocessing = 0;
		};
/* End PBXResourcesBuildPhase section */

/* Begin PBXShellScriptBuildPhase section */
		0F3C10695A3928162132CF62 /* [CP] Check Pods Manifest.lock */ = {
			isa = PBXShellScriptBuildPhase;
			buildActionMask = 2147483647;
			files = (
			);
			inputPaths = (
			);
			name = "[CP] Check Pods Manifest.lock";
			outputPaths = (
			);
			runOnlyForDeploymentPostprocessing = 0;
			shellPath = /bin/sh;
			shellScript = "diff \"${PODS_PODFILE_DIR_PATH}/Podfile.lock\" \"${PODS_ROOT}/Manifest.lock\" > /dev/null\nif [ $? != 0 ] ; then\n    # print error to STDERR\n    echo \"error: The sandbox is not in sync with the Podfile.lock. Run 'pod install' or update your CocoaPods installation.\" >&2\n    exit 1\nfi\n";
			showEnvVarsInLog = 0;
		};
		66EC8B5A8CCADBBC3BBC02D4 /* [CP] Copy Pods Resources */ = {
			isa = PBXShellScriptBuildPhase;
			buildActionMask = 2147483647;
			files = (
			);
			inputPaths = (
			);
			name = "[CP] Copy Pods Resources";
			outputPaths = (
			);
			runOnlyForDeploymentPostprocessing = 0;
			shellPath = /bin/sh;
			shellScript = "\"${SRCROOT}/Pods/Target Support Files/Pods-Photo Search Example/Pods-Photo Search Example-resources.sh\"\n";
			showEnvVarsInLog = 0;
		};
		AF681EEA5D92F0E9D43CFA23 /* [CP] Embed Pods Frameworks */ = {
			isa = PBXShellScriptBuildPhase;
			buildActionMask = 2147483647;
			files = (
			);
			inputPaths = (
			);
			name = "[CP] Embed Pods Frameworks";
			outputPaths = (
			);
			runOnlyForDeploymentPostprocessing = 0;
			shellPath = /bin/sh;
			shellScript = "\"${SRCROOT}/Pods/Target Support Files/Pods-Photo Search Example/Pods-Photo Search Example-frameworks.sh\"\n";
			showEnvVarsInLog = 0;
		};
/* End PBXShellScriptBuildPhase section */

/* Begin PBXSourcesBuildPhase section */
		1655F7361FEC537000983355 /* Sources */ = {
			isa = PBXSourcesBuildPhase;
			buildActionMask = 2147483647;
			files = (
				1655F7401FEC537000983355 /* ViewController.swift in Sources */,
				1655F73E1FEC537000983355 /* AppDelegate.swift in Sources */,
			);
			runOnlyForDeploymentPostprocessing = 0;
		};
/* End PBXSourcesBuildPhase section */

/* Begin PBXVariantGroup section */
		1655F7411FEC537000983355 /* Main.storyboard */ = {
			isa = PBXVariantGroup;
			children = (
				1655F7421FEC537000983355 /* Base */,
			);
			name = Main.storyboard;
			sourceTree = "<group>";
		};
		1655F7461FEC537000983355 /* LaunchScreen.storyboard */ = {
			isa = PBXVariantGroup;
			children = (
				1655F7471FEC537000983355 /* Base */,
			);
			name = LaunchScreen.storyboard;
			sourceTree = "<group>";
		};
/* End PBXVariantGroup section */

/* Begin XCBuildConfiguration section */
		1655F74A1FEC537000983355 /* Debug */ = {
			isa = XCBuildConfiguration;
			buildSettings = {
				ALWAYS_SEARCH_USER_PATHS = NO;
				CLANG_ANALYZER_NONNULL = YES;
				CLANG_ANALYZER_NUMBER_OBJECT_CONVERSION = YES_AGGRESSIVE;
				CLANG_CXX_LANGUAGE_STANDARD = "gnu++14";
				CLANG_CXX_LIBRARY = "libc++";
				CLANG_ENABLE_MODULES = YES;
				CLANG_ENABLE_OBJC_ARC = YES;
				CLANG_WARN_BLOCK_CAPTURE_AUTORELEASING = YES;
				CLANG_WARN_BOOL_CONVERSION = YES;
				CLANG_WARN_COMMA = YES;
				CLANG_WARN_CONSTANT_CONVERSION = YES;
				CLANG_WARN_DIRECT_OBJC_ISA_USAGE = YES_ERROR;
				CLANG_WARN_DOCUMENTATION_COMMENTS = YES;
				CLANG_WARN_EMPTY_BODY = YES;
				CLANG_WARN_ENUM_CONVERSION = YES;
				CLANG_WARN_INFINITE_RECURSION = YES;
				CLANG_WARN_INT_CONVERSION = YES;
				CLANG_WARN_NON_LITERAL_NULL_CONVERSION = YES;
				CLANG_WARN_OBJC_LITERAL_CONVERSION = YES;
				CLANG_WARN_OBJC_ROOT_CLASS = YES_ERROR;
				CLANG_WARN_RANGE_LOOP_ANALYSIS = YES;
				CLANG_WARN_STRICT_PROTOTYPES = YES;
				CLANG_WARN_SUSPICIOUS_MOVE = YES;
				CLANG_WARN_UNGUARDED_AVAILABILITY = YES_AGGRESSIVE;
				CLANG_WARN_UNREACHABLE_CODE = YES;
				CLANG_WARN__DUPLICATE_METHOD_MATCH = YES;
				CODE_SIGN_IDENTITY = "iPhone Developer";
				COPY_PHASE_STRIP = NO;
				DEBUG_INFORMATION_FORMAT = dwarf;
				ENABLE_STRICT_OBJC_MSGSEND = YES;
				ENABLE_TESTABILITY = YES;
				GCC_C_LANGUAGE_STANDARD = gnu11;
				GCC_DYNAMIC_NO_PIC = NO;
				GCC_NO_COMMON_BLOCKS = YES;
				GCC_OPTIMIZATION_LEVEL = 0;
				GCC_PREPROCESSOR_DEFINITIONS = (
					"DEBUG=1",
					"$(inherited)",
				);
				GCC_WARN_64_TO_32_BIT_CONVERSION = YES;
				GCC_WARN_ABOUT_RETURN_TYPE = YES_ERROR;
				GCC_WARN_UNDECLARED_SELECTOR = YES;
				GCC_WARN_UNINITIALIZED_AUTOS = YES_AGGRESSIVE;
				GCC_WARN_UNUSED_FUNCTION = YES;
				GCC_WARN_UNUSED_VARIABLE = YES;
				IPHONEOS_DEPLOYMENT_TARGET = 11.2;
				MTL_ENABLE_DEBUG_INFO = YES;
				ONLY_ACTIVE_ARCH = YES;
				SDKROOT = iphoneos;
				SWIFT_ACTIVE_COMPILATION_CONDITIONS = DEBUG;
				SWIFT_OPTIMIZATION_LEVEL = "-Onone";
			};
			name = Debug;
		};
		1655F74B1FEC537000983355 /* Release */ = {
			isa = XCBuildConfiguration;
			buildSettings = {
				ALWAYS_SEARCH_USER_PATHS = NO;
				CLANG_ANALYZER_NONNULL = YES;
				CLANG_ANALYZER_NUMBER_OBJECT_CONVERSION = YES_AGGRESSIVE;
				CLANG_CXX_LANGUAGE_STANDARD = "gnu++14";
				CLANG_CXX_LIBRARY = "libc++";
				CLANG_ENABLE_MODULES = YES;
				CLANG_ENABLE_OBJC_ARC = YES;
				CLANG_WARN_BLOCK_CAPTURE_AUTORELEASING = YES;
				CLANG_WARN_BOOL_CONVERSION = YES;
				CLANG_WARN_COMMA = YES;
				CLANG_WARN_CONSTANT_CONVERSION = YES;
				CLANG_WARN_DIRECT_OBJC_ISA_USAGE = YES_ERROR;
				CLANG_WARN_DOCUMENTATION_COMMENTS = YES;
				CLANG_WARN_EMPTY_BODY = YES;
				CLANG_WARN_ENUM_CONVERSION = YES;
				CLANG_WARN_INFINITE_RECURSION = YES;
				CLANG_WARN_INT_CONVERSION = YES;
				CLANG_WARN_NON_LITERAL_NULL_CONVERSION = YES;
				CLANG_WARN_OBJC_LITERAL_CONVERSION = YES;
				CLANG_WARN_OBJC_ROOT_CLASS = YES_ERROR;
				CLANG_WARN_RANGE_LOOP_ANALYSIS = YES;
				CLANG_WARN_STRICT_PROTOTYPES = YES;
				CLANG_WARN_SUSPICIOUS_MOVE = YES;
				CLANG_WARN_UNGUARDED_AVAILABILITY = YES_AGGRESSIVE;
				CLANG_WARN_UNREACHABLE_CODE = YES;
				CLANG_WARN__DUPLICATE_METHOD_MATCH = YES;
				CODE_SIGN_IDENTITY = "iPhone Developer";
				COPY_PHASE_STRIP = NO;
				DEBUG_INFORMATION_FORMAT = "dwarf-with-dsym";
				ENABLE_NS_ASSERTIONS = NO;
				ENABLE_STRICT_OBJC_MSGSEND = YES;
				GCC_C_LANGUAGE_STANDARD = gnu11;
				GCC_NO_COMMON_BLOCKS = YES;
				GCC_WARN_64_TO_32_BIT_CONVERSION = YES;
				GCC_WARN_ABOUT_RETURN_TYPE = YES_ERROR;
				GCC_WARN_UNDECLARED_SELECTOR = YES;
				GCC_WARN_UNINITIALIZED_AUTOS = YES_AGGRESSIVE;
				GCC_WARN_UNUSED_FUNCTION = YES;
				GCC_WARN_UNUSED_VARIABLE = YES;
				IPHONEOS_DEPLOYMENT_TARGET = 11.2;
				MTL_ENABLE_DEBUG_INFO = NO;
				SDKROOT = iphoneos;
				SWIFT_OPTIMIZATION_LEVEL = "-Owholemodule";
				VALIDATE_PRODUCT = YES;
			};
			name = Release;
		};
		1655F74D1FEC537000983355 /* Debug */ = {
			isa = XCBuildConfiguration;
			baseConfigurationReference = 2679D907E5A861C089B90C9B /* Pods-Photo Search Example.debug.xcconfig */;
			buildSettings = {
				ASSETCATALOG_COMPILER_APPICON_NAME = AppIcon;
				CODE_SIGN_STYLE = Automatic;
				DEFINES_MODULE = YES;
				DEVELOPMENT_TEAM = RFVAV73C3P;
				INFOPLIST_FILE = "Photo Search Example/Info.plist";
				LD_RUNPATH_SEARCH_PATHS = "$(inherited) @executable_path/Frameworks";
				PRODUCT_BUNDLE_IDENTIFIER = "com.olorindil.www.Photo-Search-Example";
				PRODUCT_NAME = "$(TARGET_NAME)";
				SWIFT_OBJC_BRIDGING_HEADER = bridge.h;
				SWIFT_VERSION = 4.0;
				TARGETED_DEVICE_FAMILY = "1,2";
			};
			name = Debug;
		};
		1655F74E1FEC537000983355 /* Release */ = {
			isa = XCBuildConfiguration;
			baseConfigurationReference = D30E42D9561FCFB288D290BD /* Pods-Photo Search Example.release.xcconfig */;
			buildSettings = {
				ASSETCATALOG_COMPILER_APPICON_NAME = AppIcon;
				CODE_SIGN_STYLE = Automatic;
				DEFINES_MODULE = YES;
				DEVELOPMENT_TEAM = RFVAV73C3P;
				INFOPLIST_FILE = "Photo Search Example/Info.plist";
				LD_RUNPATH_SEARCH_PATHS = "$(inherited) @executable_path/Frameworks";
				PRODUCT_BUNDLE_IDENTIFIER = "com.olorindil.www.Photo-Search-Example";
				PRODUCT_NAME = "$(TARGET_NAME)";
				SWIFT_OBJC_BRIDGING_HEADER = bridge.h;
				SWIFT_VERSION = 4.0;
				TARGETED_DEVICE_FAMILY = "1,2";
			};
			name = Release;
		};
/* End XCBuildConfiguration section */

/* Begin XCConfigurationList section */
		1655F7351FEC537000983355 /* Build configuration list for PBXProject "Photo Search Example" */ = {
			isa = XCConfigurationList;
			buildConfigurations = (
				1655F74A1FEC537000983355 /* Debug */,
				1655F74B1FEC537000983355 /* Release */,
			);
			defaultConfigurationIsVisible = 0;
			defaultConfigurationName = Release;
		};
		1655F74C1FEC537000983355 /* Build configuration list for PBXNativeTarget "Photo Search Example" */ = {
			isa = XCConfigurationList;
			buildConfigurations = (
				1655F74D1FEC537000983355 /* Debug */,
				1655F74E1FEC537000983355 /* Release */,
			);
			defaultConfigurationIsVisible = 0;
			defaultConfigurationName = Release;
		};
/* End XCConfigurationList section */
	};
	rootObject = 1655F7321FEC537000983355 /* Project object */;
}
